
Microsoft Visual Studio Solution File, Format Version 12.00
# Visual Studio Version 16
VisualStudioVersion = 16.0.34031.81
MinimumVisualStudioVersion = 10.0.40219.1
Project("{FAE04EC0-301F-11D3-BF4B-00C04F79EFBC}") = "Ej1", "Ej1\Ej1.csproj", "{46A61CF5-9A4E-437E-A9E9-17EFD74ABA58}"
EndProject
Project("{FAE04EC0-301F-11D3-BF4B-00C04F79EFBC}") = "Ej2", "Ej2\Ej2.csproj", "{C08AF8A7-F36C-42E8-AF5C-E762845E579E}"
EndProject
Global
	GlobalSection(SolutionConfigurationPlatforms) = preSolution
		Debug|Any CPU = Debug|Any CPU
		Release|Any CPU = Release|Any CPU
	EndGlobalSection
	GlobalSection(ProjectConfigurationPlatforms) = postSolution
		{46A61CF5-9A4E-437E-A9E9-17EFD74ABA58}.Debug|Any CPU.ActiveCfg = Debug|Any CPU
		{46A61CF5-9A4E-437E-A9E9-17EFD74ABA58}.Debug|Any CPU.Build.0 = Debug|Any CPU
		{46A61CF5-9A4E-437E-A9E9-17EFD74ABA58}.Release|Any CPU.ActiveCfg = Release|Any CPU
		{46A61CF5-9A4E-437E-A9E9-17EFD74ABA58}.Release|Any CPU.Build.0 = Release|Any CPU
		{C08AF8A7-F36C-42E8-AF5C-E762845E579E}.Debug|Any CPU.ActiveCfg = Debug|Any CPU
		{C08AF8A7-F36C-42E8-AF5C-E762845E579E}.Debug|Any CPU.Build.0 = Debug|Any CPU
		{C08AF8A7-F36C-42E8-AF5C-E762845E579E}.Release|Any CPU.ActiveCfg = Release|Any CPU
		{C08AF8A7-F36C-42E8-AF5C-E762845E579E}.Release|Any CPU.Build.0 = Release|Any CPU
	EndGlobalSection
	GlobalSection(SolutionProperties) = preSolution
		HideSolutionNode = FALSE
	EndGlobalSection
	GlobalSection(ExtensibilityGlobals) = postSolution
		SolutionGuid = {DA22F554-3DCE-4E81-8C2C-1662BDC55790}
	EndGlobalSection
EndGlobal
